// !$*UTF8*$!
{
	archiveVersion = 1;
	classes = {
	};
	objectVersion = 46;
	objects = {

/* Begin PBXBuildFile section */
		457406C41D2C113E00E839A3 /* JACoreData.h in Headers */ = {isa = PBXBuildFile; fileRef = 457406C31D2C113E00E839A3 /* JACoreData.h */; settings = {ATTRIBUTES = (Public, ); }; };
		457406CE1D2C114D00E839A3 /* CoreDataStack.swift in Sources */ = {isa = PBXBuildFile; fileRef = 457406CB1D2C114D00E839A3 /* CoreDataStack.swift */; };
		457406CF1D2C114D00E839A3 /* ManagedObjectType.swift in Sources */ = {isa = PBXBuildFile; fileRef = 457406CC1D2C114D00E839A3 /* ManagedObjectType.swift */; };
		457406D01D2C114D00E839A3 /* ManagedObjectContextSettable.swift in Sources */ = {isa = PBXBuildFile; fileRef = 457406CD1D2C114D00E839A3 /* ManagedObjectContextSettable.swift */; };
		74401F391EE86F420091174F /* AddStudentViewController.swift in Sources */ = {isa = PBXBuildFile; fileRef = 74401F381EE86F420091174F /* AddStudentViewController.swift */; };
		746DAF1E1EE7714300AC5476 /* AppDelegate.swift in Sources */ = {isa = PBXBuildFile; fileRef = 746DAF1D1EE7714300AC5476 /* AppDelegate.swift */; };
		746DAF201EE7714300AC5476 /* InitialViewController.swift in Sources */ = {isa = PBXBuildFile; fileRef = 746DAF1F1EE7714300AC5476 /* InitialViewController.swift */; };
		746DAF231EE7714300AC5476 /* Main.storyboard in Resources */ = {isa = PBXBuildFile; fileRef = 746DAF211EE7714300AC5476 /* Main.storyboard */; };
		746DAF261EE7714300AC5476 /* JACoreDataSampleApp.xcdatamodeld in Sources */ = {isa = PBXBuildFile; fileRef = 746DAF241EE7714300AC5476 /* JACoreDataSampleApp.xcdatamodeld */; };
		746DAF281EE7714300AC5476 /* Assets.xcassets in Resources */ = {isa = PBXBuildFile; fileRef = 746DAF271EE7714300AC5476 /* Assets.xcassets */; };
		746DAF2B1EE7714300AC5476 /* LaunchScreen.storyboard in Resources */ = {isa = PBXBuildFile; fileRef = 746DAF291EE7714300AC5476 /* LaunchScreen.storyboard */; };
		746DAF471EE7717700AC5476 /* JACoreData.framework in Frameworks */ = {isa = PBXBuildFile; fileRef = 457406C01D2C113E00E839A3 /* JACoreData.framework */; };
		746DAF4E1EE7736E00AC5476 /* RootHelper.swift in Sources */ = {isa = PBXBuildFile; fileRef = 746DAF4D1EE7736E00AC5476 /* RootHelper.swift */; };
		746DAF501EE8561900AC5476 /* JACoreData.framework in Frameworks */ = {isa = PBXBuildFile; fileRef = 457406C01D2C113E00E839A3 /* JACoreData.framework */; };
		746DAF511EE8561900AC5476 /* JACoreData.framework in Embed Frameworks */ = {isa = PBXBuildFile; fileRef = 457406C01D2C113E00E839A3 /* JACoreData.framework */; settings = {ATTRIBUTES = (CodeSignOnCopy, RemoveHeadersOnCopy, ); }; };
		746DAF561EE8589000AC5476 /* AddClassViewController.swift in Sources */ = {isa = PBXBuildFile; fileRef = 746DAF551EE8589000AC5476 /* AddClassViewController.swift */; };
		746DAF581EE85D5500AC5476 /* Student.swift in Sources */ = {isa = PBXBuildFile; fileRef = 746DAF571EE85D5500AC5476 /* Student.swift */; };
		746DAF5A1EE85D5C00AC5476 /* Class.swift in Sources */ = {isa = PBXBuildFile; fileRef = 746DAF591EE85D5C00AC5476 /* Class.swift */; };
		74908A8F1EE89D4500EAB29D /* Class.swift in Sources */ = {isa = PBXBuildFile; fileRef = 746DAF591EE85D5C00AC5476 /* Class.swift */; };
		74908A901EE89D5B00EAB29D /* Student.swift in Sources */ = {isa = PBXBuildFile; fileRef = 746DAF571EE85D5500AC5476 /* Student.swift */; };
		74908A911EE89D6100EAB29D /* JACoreDataSampleApp.xcdatamodeld in Sources */ = {isa = PBXBuildFile; fileRef = 746DAF241EE7714300AC5476 /* JACoreDataSampleApp.xcdatamodeld */; };
		74908AA31EE8AF1A00EAB29D /* CoreDataStackTests.swift in Sources */ = {isa = PBXBuildFile; fileRef = 74908AA21EE8AF1A00EAB29D /* CoreDataStackTests.swift */; };
		74908AAB1EE8B2D200EAB29D /* ManagedObjectTests.swift in Sources */ = {isa = PBXBuildFile; fileRef = 74908AAA1EE8B2D200EAB29D /* ManagedObjectTests.swift */; };
/* End PBXBuildFile section */

/* Begin PBXContainerItemProxy section */
		746DAF481EE7717700AC5476 /* PBXContainerItemProxy */ = {
			isa = PBXContainerItemProxy;
			containerPortal = 457406B71D2C113E00E839A3 /* Project object */;
			proxyType = 1;
			remoteGlobalIDString = 457406BF1D2C113E00E839A3;
			remoteInfo = JACoreData;
		};
		746DAF521EE8561900AC5476 /* PBXContainerItemProxy */ = {
			isa = PBXContainerItemProxy;
			containerPortal = 457406B71D2C113E00E839A3 /* Project object */;
			proxyType = 1;
			remoteGlobalIDString = 457406BF1D2C113E00E839A3;
			remoteInfo = JACoreData;
		};
		74908AA51EE8AF1A00EAB29D /* PBXContainerItemProxy */ = {
			isa = PBXContainerItemProxy;
			containerPortal = 457406B71D2C113E00E839A3 /* Project object */;
			proxyType = 1;
			remoteGlobalIDString = 746DAF1A1EE7714200AC5476;
			remoteInfo = JACoreDataSampleApp;
		};
/* End PBXContainerItemProxy section */

/* Begin PBXCopyFilesBuildPhase section */
		746DAF541EE8561900AC5476 /* Embed Frameworks */ = {
			isa = PBXCopyFilesBuildPhase;
			buildActionMask = 2147483647;
			dstPath = "";
			dstSubfolderSpec = 10;
			files = (
				746DAF511EE8561900AC5476 /* JACoreData.framework in Embed Frameworks */,
			);
			name = "Embed Frameworks";
			runOnlyForDeploymentPostprocessing = 0;
		};
/* End PBXCopyFilesBuildPhase section */

/* Begin PBXFileReference section */
		457406C01D2C113E00E839A3 /* JACoreData.framework */ = {isa = PBXFileReference; explicitFileType = wrapper.framework; includeInIndex = 0; path = JACoreData.framework; sourceTree = BUILT_PRODUCTS_DIR; };
		457406C31D2C113E00E839A3 /* JACoreData.h */ = {isa = PBXFileReference; lastKnownFileType = sourcecode.c.h; path = JACoreData.h; sourceTree = "<group>"; };
		457406C51D2C113E00E839A3 /* Info.plist */ = {isa = PBXFileReference; lastKnownFileType = text.plist.xml; path = Info.plist; sourceTree = "<group>"; };
		457406CB1D2C114D00E839A3 /* CoreDataStack.swift */ = {isa = PBXFileReference; fileEncoding = 4; lastKnownFileType = sourcecode.swift; path = CoreDataStack.swift; sourceTree = "<group>"; };
		457406CC1D2C114D00E839A3 /* ManagedObjectType.swift */ = {isa = PBXFileReference; fileEncoding = 4; lastKnownFileType = sourcecode.swift; path = ManagedObjectType.swift; sourceTree = "<group>"; };
		457406CD1D2C114D00E839A3 /* ManagedObjectContextSettable.swift */ = {isa = PBXFileReference; fileEncoding = 4; lastKnownFileType = sourcecode.swift; path = ManagedObjectContextSettable.swift; sourceTree = "<group>"; };
		74401F381EE86F420091174F /* AddStudentViewController.swift */ = {isa = PBXFileReference; fileEncoding = 4; lastKnownFileType = sourcecode.swift; path = AddStudentViewController.swift; sourceTree = "<group>"; };
		746DAF1B1EE7714200AC5476 /* JACoreDataSampleApp.app */ = {isa = PBXFileReference; explicitFileType = wrapper.application; includeInIndex = 0; path = JACoreDataSampleApp.app; sourceTree = BUILT_PRODUCTS_DIR; };
		746DAF1D1EE7714300AC5476 /* AppDelegate.swift */ = {isa = PBXFileReference; lastKnownFileType = sourcecode.swift; path = AppDelegate.swift; sourceTree = "<group>"; };
		746DAF1F1EE7714300AC5476 /* InitialViewController.swift */ = {isa = PBXFileReference; lastKnownFileType = sourcecode.swift; path = InitialViewController.swift; sourceTree = "<group>"; };
		746DAF221EE7714300AC5476 /* Base */ = {isa = PBXFileReference; lastKnownFileType = file.storyboard; name = Base; path = Base.lproj/Main.storyboard; sourceTree = "<group>"; };
		746DAF251EE7714300AC5476 /* JACoreDataSampleApp.xcdatamodel */ = {isa = PBXFileReference; lastKnownFileType = wrapper.xcdatamodel; path = JACoreDataSampleApp.xcdatamodel; sourceTree = "<group>"; };
		746DAF271EE7714300AC5476 /* Assets.xcassets */ = {isa = PBXFileReference; lastKnownFileType = folder.assetcatalog; path = Assets.xcassets; sourceTree = "<group>"; };
		746DAF2A1EE7714300AC5476 /* Base */ = {isa = PBXFileReference; lastKnownFileType = file.storyboard; name = Base; path = Base.lproj/LaunchScreen.storyboard; sourceTree = "<group>"; };
		746DAF2C1EE7714300AC5476 /* Info.plist */ = {isa = PBXFileReference; lastKnownFileType = text.plist.xml; path = Info.plist; sourceTree = "<group>"; };
		746DAF421EE7717700AC5476 /* JACoreDataTests.xctest */ = {isa = PBXFileReference; explicitFileType = wrapper.cfbundle; includeInIndex = 0; path = JACoreDataTests.xctest; sourceTree = BUILT_PRODUCTS_DIR; };
		746DAF4D1EE7736E00AC5476 /* RootHelper.swift */ = {isa = PBXFileReference; fileEncoding = 4; lastKnownFileType = sourcecode.swift; path = RootHelper.swift; sourceTree = "<group>"; };
		746DAF551EE8589000AC5476 /* AddClassViewController.swift */ = {isa = PBXFileReference; fileEncoding = 4; lastKnownFileType = sourcecode.swift; path = AddClassViewController.swift; sourceTree = "<group>"; };
		746DAF571EE85D5500AC5476 /* Student.swift */ = {isa = PBXFileReference; fileEncoding = 4; lastKnownFileType = sourcecode.swift; path = Student.swift; sourceTree = "<group>"; };
		746DAF591EE85D5C00AC5476 /* Class.swift */ = {isa = PBXFileReference; fileEncoding = 4; lastKnownFileType = sourcecode.swift; path = Class.swift; sourceTree = "<group>"; };
		74908AA01EE8AF1A00EAB29D /* JACoreDataSampleAppTests.xctest */ = {isa = PBXFileReference; explicitFileType = wrapper.cfbundle; includeInIndex = 0; path = JACoreDataSampleAppTests.xctest; sourceTree = BUILT_PRODUCTS_DIR; };
		74908AA21EE8AF1A00EAB29D /* CoreDataStackTests.swift */ = {isa = PBXFileReference; lastKnownFileType = sourcecode.swift; path = CoreDataStackTests.swift; sourceTree = "<group>"; };
		74908AA41EE8AF1A00EAB29D /* Info.plist */ = {isa = PBXFileReference; lastKnownFileType = text.plist.xml; path = Info.plist; sourceTree = "<group>"; };
		74908AAA1EE8B2D200EAB29D /* ManagedObjectTests.swift */ = {isa = PBXFileReference; fileEncoding = 4; lastKnownFileType = sourcecode.swift; path = ManagedObjectTests.swift; sourceTree = "<group>"; };
/* End PBXFileReference section */

/* Begin PBXFrameworksBuildPhase section */
		457406BC1D2C113E00E839A3 /* Frameworks */ = {
			isa = PBXFrameworksBuildPhase;
			buildActionMask = 2147483647;
			files = (
			);
			runOnlyForDeploymentPostprocessing = 0;
		};
		746DAF181EE7714200AC5476 /* Frameworks */ = {
			isa = PBXFrameworksBuildPhase;
			buildActionMask = 2147483647;
			files = (
				746DAF501EE8561900AC5476 /* JACoreData.framework in Frameworks */,
			);
			runOnlyForDeploymentPostprocessing = 0;
		};
		746DAF3F1EE7717700AC5476 /* Frameworks */ = {
			isa = PBXFrameworksBuildPhase;
			buildActionMask = 2147483647;
			files = (
				746DAF471EE7717700AC5476 /* JACoreData.framework in Frameworks */,
			);
			runOnlyForDeploymentPostprocessing = 0;
		};
		74908A9D1EE8AF1A00EAB29D /* Frameworks */ = {
			isa = PBXFrameworksBuildPhase;
			buildActionMask = 2147483647;
			files = (
			);
			runOnlyForDeploymentPostprocessing = 0;
		};
/* End PBXFrameworksBuildPhase section */

/* Begin PBXGroup section */
		457406B61D2C113E00E839A3 = {
			isa = PBXGroup;
			children = (
				457406C21D2C113E00E839A3 /* JACoreData */,
				746DAF1C1EE7714300AC5476 /* JACoreDataSampleApp */,
				74908AA11EE8AF1A00EAB29D /* JACoreDataSampleAppTests */,
				457406C11D2C113E00E839A3 /* Products */,
			);
			sourceTree = "<group>";
		};
		457406C11D2C113E00E839A3 /* Products */ = {
			isa = PBXGroup;
			children = (
				457406C01D2C113E00E839A3 /* JACoreData.framework */,
				746DAF1B1EE7714200AC5476 /* JACoreDataSampleApp.app */,
				746DAF421EE7717700AC5476 /* JACoreDataTests.xctest */,
				74908AA01EE8AF1A00EAB29D /* JACoreDataSampleAppTests.xctest */,
			);
			name = Products;
			sourceTree = "<group>";
		};
		457406C21D2C113E00E839A3 /* JACoreData */ = {
			isa = PBXGroup;
			children = (
				457406C31D2C113E00E839A3 /* JACoreData.h */,
				457406C51D2C113E00E839A3 /* Info.plist */,
				457406CB1D2C114D00E839A3 /* CoreDataStack.swift */,
				457406CC1D2C114D00E839A3 /* ManagedObjectType.swift */,
				457406CD1D2C114D00E839A3 /* ManagedObjectContextSettable.swift */,
			);
			path = JACoreData;
			sourceTree = "<group>";
		};
		746DAF1C1EE7714300AC5476 /* JACoreDataSampleApp */ = {
			isa = PBXGroup;
			children = (
				746DAF1D1EE7714300AC5476 /* AppDelegate.swift */,
				746DAF1F1EE7714300AC5476 /* InitialViewController.swift */,
				746DAF551EE8589000AC5476 /* AddClassViewController.swift */,
				74401F381EE86F420091174F /* AddStudentViewController.swift */,
				746DAF4D1EE7736E00AC5476 /* RootHelper.swift */,
				746DAF4F1EE7739E00AC5476 /* Test Models */,
				746DAF211EE7714300AC5476 /* Main.storyboard */,
				746DAF271EE7714300AC5476 /* Assets.xcassets */,
				746DAF291EE7714300AC5476 /* LaunchScreen.storyboard */,
				746DAF2C1EE7714300AC5476 /* Info.plist */,
			);
			path = JACoreDataSampleApp;
			sourceTree = "<group>";
		};
		746DAF4F1EE7739E00AC5476 /* Test Models */ = {
			isa = PBXGroup;
			children = (
				746DAF241EE7714300AC5476 /* JACoreDataSampleApp.xcdatamodeld */,
				746DAF571EE85D5500AC5476 /* Student.swift */,
				746DAF591EE85D5C00AC5476 /* Class.swift */,
			);
			name = "Test Models";
			sourceTree = "<group>";
		};
		74908AA11EE8AF1A00EAB29D /* JACoreDataSampleAppTests */ = {
			isa = PBXGroup;
			children = (
				74908AAA1EE8B2D200EAB29D /* ManagedObjectTests.swift */,
				74908AA21EE8AF1A00EAB29D /* CoreDataStackTests.swift */,
				74908AA41EE8AF1A00EAB29D /* Info.plist */,
			);
			path = JACoreDataSampleAppTests;
			sourceTree = "<group>";
		};
/* End PBXGroup section */

/* Begin PBXHeadersBuildPhase section */
		457406BD1D2C113E00E839A3 /* Headers */ = {
			isa = PBXHeadersBuildPhase;
			buildActionMask = 2147483647;
			files = (
				457406C41D2C113E00E839A3 /* JACoreData.h in Headers */,
			);
			runOnlyForDeploymentPostprocessing = 0;
		};
/* End PBXHeadersBuildPhase section */

/* Begin PBXNativeTarget section */
		457406BF1D2C113E00E839A3 /* JACoreData */ = {
			isa = PBXNativeTarget;
			buildConfigurationList = 457406C81D2C113E00E839A3 /* Build configuration list for PBXNativeTarget "JACoreData" */;
			buildPhases = (
				457406BB1D2C113E00E839A3 /* Sources */,
				457406BC1D2C113E00E839A3 /* Frameworks */,
				457406BD1D2C113E00E839A3 /* Headers */,
				457406BE1D2C113E00E839A3 /* Resources */,
			);
			buildRules = (
			);
			dependencies = (
			);
			name = JACoreData;
			productName = JACoreData;
			productReference = 457406C01D2C113E00E839A3 /* JACoreData.framework */;
			productType = "com.apple.product-type.framework";
		};
		746DAF1A1EE7714200AC5476 /* JACoreDataSampleApp */ = {
			isa = PBXNativeTarget;
			buildConfigurationList = 746DAF3C1EE7714300AC5476 /* Build configuration list for PBXNativeTarget "JACoreDataSampleApp" */;
			buildPhases = (
				746DAF171EE7714200AC5476 /* Sources */,
				746DAF181EE7714200AC5476 /* Frameworks */,
				746DAF191EE7714200AC5476 /* Resources */,
				746DAF541EE8561900AC5476 /* Embed Frameworks */,
			);
			buildRules = (
			);
			dependencies = (
				746DAF531EE8561900AC5476 /* PBXTargetDependency */,
			);
			name = JACoreDataSampleApp;
			productName = JACoreDataSampleApp;
			productReference = 746DAF1B1EE7714200AC5476 /* JACoreDataSampleApp.app */;
			productType = "com.apple.product-type.application";
		};
		746DAF411EE7717700AC5476 /* JACoreDataTests */ = {
			isa = PBXNativeTarget;
			buildConfigurationList = 746DAF4A1EE7717700AC5476 /* Build configuration list for PBXNativeTarget "JACoreDataTests" */;
			buildPhases = (
				746DAF3E1EE7717700AC5476 /* Sources */,
				746DAF3F1EE7717700AC5476 /* Frameworks */,
				746DAF401EE7717700AC5476 /* Resources */,
			);
			buildRules = (
			);
			dependencies = (
				746DAF491EE7717700AC5476 /* PBXTargetDependency */,
			);
			name = JACoreDataTests;
			productName = JACoreDataTests;
			productReference = 746DAF421EE7717700AC5476 /* JACoreDataTests.xctest */;
			productType = "com.apple.product-type.bundle.unit-test";
		};
		74908A9F1EE8AF1A00EAB29D /* JACoreDataSampleAppTests */ = {
			isa = PBXNativeTarget;
			buildConfigurationList = 74908AA71EE8AF1A00EAB29D /* Build configuration list for PBXNativeTarget "JACoreDataSampleAppTests" */;
			buildPhases = (
				74908A9C1EE8AF1A00EAB29D /* Sources */,
				74908A9D1EE8AF1A00EAB29D /* Frameworks */,
				74908A9E1EE8AF1A00EAB29D /* Resources */,
			);
			buildRules = (
			);
			dependencies = (
				74908AA61EE8AF1A00EAB29D /* PBXTargetDependency */,
			);
			name = JACoreDataSampleAppTests;
			productName = JACoreDataSampleAppTests;
			productReference = 74908AA01EE8AF1A00EAB29D /* JACoreDataSampleAppTests.xctest */;
			productType = "com.apple.product-type.bundle.unit-test";
		};
/* End PBXNativeTarget section */

/* Begin PBXProject section */
		457406B71D2C113E00E839A3 /* Project object */ = {
			isa = PBXProject;
			attributes = {
				LastSwiftUpdateCheck = 0830;
				LastUpgradeCheck = 0800;
				ORGANIZATIONNAME = JAKT;
				TargetAttributes = {
					457406BF1D2C113E00E839A3 = {
						CreatedOnToolsVersion = 7.3.1;
						DevelopmentTeam = 2PG2ASWQ43;
						LastSwiftMigration = 0800;
						ProvisioningStyle = Automatic;
					};
					746DAF1A1EE7714200AC5476 = {
						CreatedOnToolsVersion = 8.3.2;
						LastSwiftMigration = 0830;
						ProvisioningStyle = Automatic;
					};
					746DAF411EE7717700AC5476 = {
						CreatedOnToolsVersion = 8.3.2;
						ProvisioningStyle = Automatic;
					};
					74908A9F1EE8AF1A00EAB29D = {
						CreatedOnToolsVersion = 8.3.2;
						LastSwiftMigration = 0830;
						ProvisioningStyle = Automatic;
						TestTargetID = 746DAF1A1EE7714200AC5476;
					};
				};
			};
			buildConfigurationList = 457406BA1D2C113E00E839A3 /* Build configuration list for PBXProject "JACoreData" */;
			compatibilityVersion = "Xcode 3.2";
			developmentRegion = English;
			hasScannedForEncodings = 0;
			knownRegions = (
				en,
				Base,
			);
			mainGroup = 457406B61D2C113E00E839A3;
			productRefGroup = 457406C11D2C113E00E839A3 /* Products */;
			projectDirPath = "";
			projectRoot = "";
			targets = (
				457406BF1D2C113E00E839A3 /* JACoreData */,
				746DAF1A1EE7714200AC5476 /* JACoreDataSampleApp */,
				746DAF411EE7717700AC5476 /* JACoreDataTests */,
				74908A9F1EE8AF1A00EAB29D /* JACoreDataSampleAppTests */,
			);
		};
/* End PBXProject section */

/* Begin PBXResourcesBuildPhase section */
		457406BE1D2C113E00E839A3 /* Resources */ = {
			isa = PBXResourcesBuildPhase;
			buildActionMask = 2147483647;
			files = (
			);
			runOnlyForDeploymentPostprocessing = 0;
		};
		746DAF191EE7714200AC5476 /* Resources */ = {
			isa = PBXResourcesBuildPhase;
			buildActionMask = 2147483647;
			files = (
				746DAF2B1EE7714300AC5476 /* LaunchScreen.storyboard in Resources */,
				746DAF281EE7714300AC5476 /* Assets.xcassets in Resources */,
				746DAF231EE7714300AC5476 /* Main.storyboard in Resources */,
			);
			runOnlyForDeploymentPostprocessing = 0;
		};
		746DAF401EE7717700AC5476 /* Resources */ = {
			isa = PBXResourcesBuildPhase;
			buildActionMask = 2147483647;
			files = (
			);
			runOnlyForDeploymentPostprocessing = 0;
		};
		74908A9E1EE8AF1A00EAB29D /* Resources */ = {
			isa = PBXResourcesBuildPhase;
			buildActionMask = 2147483647;
			files = (
			);
			runOnlyForDeploymentPostprocessing = 0;
		};
/* End PBXResourcesBuildPhase section */

/* Begin PBXSourcesBuildPhase section */
		457406BB1D2C113E00E839A3 /* Sources */ = {
			isa = PBXSourcesBuildPhase;
			buildActionMask = 2147483647;
			files = (
				457406CF1D2C114D00E839A3 /* ManagedObjectType.swift in Sources */,
				457406D01D2C114D00E839A3 /* ManagedObjectContextSettable.swift in Sources */,
				457406CE1D2C114D00E839A3 /* CoreDataStack.swift in Sources */,
			);
			runOnlyForDeploymentPostprocessing = 0;
		};
		746DAF171EE7714200AC5476 /* Sources */ = {
			isa = PBXSourcesBuildPhase;
			buildActionMask = 2147483647;
			files = (
				74401F391EE86F420091174F /* AddStudentViewController.swift in Sources */,
				746DAF201EE7714300AC5476 /* InitialViewController.swift in Sources */,
				746DAF261EE7714300AC5476 /* JACoreDataSampleApp.xcdatamodeld in Sources */,
				746DAF1E1EE7714300AC5476 /* AppDelegate.swift in Sources */,
				746DAF5A1EE85D5C00AC5476 /* Class.swift in Sources */,
				746DAF581EE85D5500AC5476 /* Student.swift in Sources */,
				746DAF561EE8589000AC5476 /* AddClassViewController.swift in Sources */,
				746DAF4E1EE7736E00AC5476 /* RootHelper.swift in Sources */,
			);
			runOnlyForDeploymentPostprocessing = 0;
		};
		746DAF3E1EE7717700AC5476 /* Sources */ = {
			isa = PBXSourcesBuildPhase;
			buildActionMask = 2147483647;
			files = (
				74908A8F1EE89D4500EAB29D /* Class.swift in Sources */,
				74908A901EE89D5B00EAB29D /* Student.swift in Sources */,
				74908A911EE89D6100EAB29D /* JACoreDataSampleApp.xcdatamodeld in Sources */,
			);
			runOnlyForDeploymentPostprocessing = 0;
		};
		74908A9C1EE8AF1A00EAB29D /* Sources */ = {
			isa = PBXSourcesBuildPhase;
			buildActionMask = 2147483647;
			files = (
				74908AAB1EE8B2D200EAB29D /* ManagedObjectTests.swift in Sources */,
				74908AA31EE8AF1A00EAB29D /* CoreDataStackTests.swift in Sources */,
			);
			runOnlyForDeploymentPostprocessing = 0;
		};
/* End PBXSourcesBuildPhase section */

/* Begin PBXTargetDependency section */
		746DAF491EE7717700AC5476 /* PBXTargetDependency */ = {
			isa = PBXTargetDependency;
			target = 457406BF1D2C113E00E839A3 /* JACoreData */;
			targetProxy = 746DAF481EE7717700AC5476 /* PBXContainerItemProxy */;
		};
		746DAF531EE8561900AC5476 /* PBXTargetDependency */ = {
			isa = PBXTargetDependency;
			target = 457406BF1D2C113E00E839A3 /* JACoreData */;
			targetProxy = 746DAF521EE8561900AC5476 /* PBXContainerItemProxy */;
		};
		74908AA61EE8AF1A00EAB29D /* PBXTargetDependency */ = {
			isa = PBXTargetDependency;
			target = 746DAF1A1EE7714200AC5476 /* JACoreDataSampleApp */;
			targetProxy = 74908AA51EE8AF1A00EAB29D /* PBXContainerItemProxy */;
		};
/* End PBXTargetDependency section */

/* Begin PBXVariantGroup section */
		746DAF211EE7714300AC5476 /* Main.storyboard */ = {
			isa = PBXVariantGroup;
			children = (
				746DAF221EE7714300AC5476 /* Base */,
			);
			name = Main.storyboard;
			sourceTree = "<group>";
		};
		746DAF291EE7714300AC5476 /* LaunchScreen.storyboard */ = {
			isa = PBXVariantGroup;
			children = (
				746DAF2A1EE7714300AC5476 /* Base */,
			);
			name = LaunchScreen.storyboard;
			sourceTree = "<group>";
		};
/* End PBXVariantGroup section */

/* Begin XCBuildConfiguration section */
		457406C61D2C113E00E839A3 /* Debug */ = {
			isa = XCBuildConfiguration;
			buildSettings = {
				ALWAYS_SEARCH_USER_PATHS = NO;
				CLANG_ANALYZER_NONNULL = YES;
				CLANG_CXX_LANGUAGE_STANDARD = "gnu++0x";
				CLANG_CXX_LIBRARY = "libc++";
				CLANG_ENABLE_MODULES = YES;
				CLANG_ENABLE_OBJC_ARC = YES;
				CLANG_WARN_BOOL_CONVERSION = YES;
				CLANG_WARN_CONSTANT_CONVERSION = YES;
				CLANG_WARN_DIRECT_OBJC_ISA_USAGE = YES_ERROR;
				CLANG_WARN_EMPTY_BODY = YES;
				CLANG_WARN_ENUM_CONVERSION = YES;
				CLANG_WARN_INFINITE_RECURSION = YES;
				CLANG_WARN_INT_CONVERSION = YES;
				CLANG_WARN_OBJC_ROOT_CLASS = YES_ERROR;
				CLANG_WARN_SUSPICIOUS_MOVE = YES;
				CLANG_WARN_UNREACHABLE_CODE = YES;
				CLANG_WARN__DUPLICATE_METHOD_MATCH = YES;
				"CODE_SIGN_IDENTITY[sdk=iphoneos*]" = "iPhone Developer";
				COPY_PHASE_STRIP = NO;
				CURRENT_PROJECT_VERSION = 1;
				DEBUG_INFORMATION_FORMAT = dwarf;
				ENABLE_STRICT_OBJC_MSGSEND = YES;
				ENABLE_TESTABILITY = YES;
				GCC_C_LANGUAGE_STANDARD = gnu99;
				GCC_DYNAMIC_NO_PIC = NO;
				GCC_NO_COMMON_BLOCKS = YES;
				GCC_OPTIMIZATION_LEVEL = 0;
				GCC_PREPROCESSOR_DEFINITIONS = (
					"DEBUG=1",
					"$(inherited)",
				);
				GCC_WARN_64_TO_32_BIT_CONVERSION = YES;
				GCC_WARN_ABOUT_RETURN_TYPE = YES_ERROR;
				GCC_WARN_UNDECLARED_SELECTOR = YES;
				GCC_WARN_UNINITIALIZED_AUTOS = YES_AGGRESSIVE;
				GCC_WARN_UNUSED_FUNCTION = YES;
				GCC_WARN_UNUSED_VARIABLE = YES;
				IPHONEOS_DEPLOYMENT_TARGET = 9.3;
				MTL_ENABLE_DEBUG_INFO = YES;
				ONLY_ACTIVE_ARCH = YES;
				SDKROOT = iphoneos;
				SWIFT_OPTIMIZATION_LEVEL = "-Onone";
				TARGETED_DEVICE_FAMILY = "1,2";
				VERSIONING_SYSTEM = "apple-generic";
				VERSION_INFO_PREFIX = "";
			};
			name = Debug;
		};
		457406C71D2C113E00E839A3 /* Release */ = {
			isa = XCBuildConfiguration;
			buildSettings = {
				ALWAYS_SEARCH_USER_PATHS = NO;
				CLANG_ANALYZER_NONNULL = YES;
				CLANG_CXX_LANGUAGE_STANDARD = "gnu++0x";
				CLANG_CXX_LIBRARY = "libc++";
				CLANG_ENABLE_MODULES = YES;
				CLANG_ENABLE_OBJC_ARC = YES;
				CLANG_WARN_BOOL_CONVERSION = YES;
				CLANG_WARN_CONSTANT_CONVERSION = YES;
				CLANG_WARN_DIRECT_OBJC_ISA_USAGE = YES_ERROR;
				CLANG_WARN_EMPTY_BODY = YES;
				CLANG_WARN_ENUM_CONVERSION = YES;
				CLANG_WARN_INFINITE_RECURSION = YES;
				CLANG_WARN_INT_CONVERSION = YES;
				CLANG_WARN_OBJC_ROOT_CLASS = YES_ERROR;
				CLANG_WARN_SUSPICIOUS_MOVE = YES;
				CLANG_WARN_UNREACHABLE_CODE = YES;
				CLANG_WARN__DUPLICATE_METHOD_MATCH = YES;
				"CODE_SIGN_IDENTITY[sdk=iphoneos*]" = "iPhone Developer";
				COPY_PHASE_STRIP = NO;
				CURRENT_PROJECT_VERSION = 1;
				DEBUG_INFORMATION_FORMAT = "dwarf-with-dsym";
				ENABLE_NS_ASSERTIONS = NO;
				ENABLE_STRICT_OBJC_MSGSEND = YES;
				GCC_C_LANGUAGE_STANDARD = gnu99;
				GCC_NO_COMMON_BLOCKS = YES;
				GCC_WARN_64_TO_32_BIT_CONVERSION = YES;
				GCC_WARN_ABOUT_RETURN_TYPE = YES_ERROR;
				GCC_WARN_UNDECLARED_SELECTOR = YES;
				GCC_WARN_UNINITIALIZED_AUTOS = YES_AGGRESSIVE;
				GCC_WARN_UNUSED_FUNCTION = YES;
				GCC_WARN_UNUSED_VARIABLE = YES;
				IPHONEOS_DEPLOYMENT_TARGET = 9.3;
				MTL_ENABLE_DEBUG_INFO = NO;
				SDKROOT = iphoneos;
				SWIFT_OPTIMIZATION_LEVEL = "-Owholemodule";
				TARGETED_DEVICE_FAMILY = "1,2";
				VALIDATE_PRODUCT = YES;
				VERSIONING_SYSTEM = "apple-generic";
				VERSION_INFO_PREFIX = "";
			};
			name = Release;
		};
		457406C91D2C113E00E839A3 /* Debug */ = {
			isa = XCBuildConfiguration;
			buildSettings = {
				CLANG_ENABLE_MODULES = YES;
				"CODE_SIGN_IDENTITY[sdk=iphoneos*]" = "iPhone Developer";
				DEFINES_MODULE = YES;
				DEVELOPMENT_TEAM = 2PG2ASWQ43;
				DYLIB_COMPATIBILITY_VERSION = 1;
				DYLIB_CURRENT_VERSION = 1;
				DYLIB_INSTALL_NAME_BASE = "@rpath";
				INFOPLIST_FILE = JACoreData/Info.plist;
				INSTALL_PATH = "$(LOCAL_LIBRARY_DIR)/Frameworks";
				IPHONEOS_DEPLOYMENT_TARGET = 8.0;
				LD_RUNPATH_SEARCH_PATHS = "$(inherited) @executable_path/Frameworks @loader_path/Frameworks";
				PRODUCT_BUNDLE_IDENTIFIER = com.jakt.JACoreData.JACoreData;
				PRODUCT_NAME = "$(TARGET_NAME)";
				PROVISIONING_PROFILE_SPECIFIER = "";
				SKIP_INSTALL = YES;
				SWIFT_OPTIMIZATION_LEVEL = "-Onone";
				SWIFT_VERSION = 3.0;
			};
			name = Debug;
		};
		457406CA1D2C113E00E839A3 /* Release */ = {
			isa = XCBuildConfiguration;
			buildSettings = {
				CLANG_ENABLE_MODULES = YES;
				"CODE_SIGN_IDENTITY[sdk=iphoneos*]" = "iPhone Developer";
				DEFINES_MODULE = YES;
				DEVELOPMENT_TEAM = 2PG2ASWQ43;
				DYLIB_COMPATIBILITY_VERSION = 1;
				DYLIB_CURRENT_VERSION = 1;
				DYLIB_INSTALL_NAME_BASE = "@rpath";
				INFOPLIST_FILE = JACoreData/Info.plist;
				INSTALL_PATH = "$(LOCAL_LIBRARY_DIR)/Frameworks";
				IPHONEOS_DEPLOYMENT_TARGET = 8.0;
				LD_RUNPATH_SEARCH_PATHS = "$(inherited) @executable_path/Frameworks @loader_path/Frameworks";
				PRODUCT_BUNDLE_IDENTIFIER = com.jakt.JACoreData.JACoreData;
				PRODUCT_NAME = "$(TARGET_NAME)";
				PROVISIONING_PROFILE_SPECIFIER = "";
				SKIP_INSTALL = YES;
				SWIFT_VERSION = 3.0;
			};
			name = Release;
		};
		746DAF381EE7714300AC5476 /* Debug */ = {
			isa = XCBuildConfiguration;
			buildSettings = {
				ALWAYS_EMBED_SWIFT_STANDARD_LIBRARIES = YES;
				ASSETCATALOG_COMPILER_APPICON_NAME = AppIcon;
				CLANG_ANALYZER_NUMBER_OBJECT_CONVERSION = YES_AGGRESSIVE;
				CLANG_WARN_DOCUMENTATION_COMMENTS = YES;
				INFOPLIST_FILE = JACoreDataSampleApp/Info.plist;
				IPHONEOS_DEPLOYMENT_TARGET = 8.0;
				LD_RUNPATH_SEARCH_PATHS = "$(inherited) @executable_path/Frameworks";
				PRODUCT_BUNDLE_IDENTIFIER = com.JAKT.JACoreDataSampleApp;
				PRODUCT_NAME = "$(TARGET_NAME)";
				SWIFT_ACTIVE_COMPILATION_CONDITIONS = DEBUG;
				SWIFT_VERSION = 3.0;
			};
			name = Debug;
		};
		746DAF391EE7714300AC5476 /* Release */ = {
			isa = XCBuildConfiguration;
			buildSettings = {
				ALWAYS_EMBED_SWIFT_STANDARD_LIBRARIES = YES;
				ASSETCATALOG_COMPILER_APPICON_NAME = AppIcon;
				CLANG_ANALYZER_NUMBER_OBJECT_CONVERSION = YES_AGGRESSIVE;
				CLANG_WARN_DOCUMENTATION_COMMENTS = YES;
				INFOPLIST_FILE = JACoreDataSampleApp/Info.plist;
				IPHONEOS_DEPLOYMENT_TARGET = 8.0;
				LD_RUNPATH_SEARCH_PATHS = "$(inherited) @executable_path/Frameworks";
				PRODUCT_BUNDLE_IDENTIFIER = com.JAKT.JACoreDataSampleApp;
				PRODUCT_NAME = "$(TARGET_NAME)";
				SWIFT_VERSION = 3.0;
			};
			name = Release;
		};
		746DAF4B1EE7717700AC5476 /* Debug */ = {
			isa = XCBuildConfiguration;
			buildSettings = {
				CLANG_ANALYZER_NUMBER_OBJECT_CONVERSION = YES_AGGRESSIVE;
				CLANG_WARN_DOCUMENTATION_COMMENTS = YES;
				INFOPLIST_FILE = JACoreDataTests/Info.plist;
				IPHONEOS_DEPLOYMENT_TARGET = 10.3;
				LD_RUNPATH_SEARCH_PATHS = "$(inherited) @executable_path/Frameworks @loader_path/Frameworks";
				PRODUCT_BUNDLE_IDENTIFIER = com.JAKT.JACoreDataTests;
				PRODUCT_NAME = "$(TARGET_NAME)";
				SWIFT_ACTIVE_COMPILATION_CONDITIONS = DEBUG;
				SWIFT_VERSION = 3.0;
			};
			name = Debug;
		};
		746DAF4C1EE7717700AC5476 /* Release */ = {
			isa = XCBuildConfiguration;
			buildSettings = {
				CLANG_ANALYZER_NUMBER_OBJECT_CONVERSION = YES_AGGRESSIVE;
				CLANG_WARN_DOCUMENTATION_COMMENTS = YES;
				INFOPLIST_FILE = JACoreDataTests/Info.plist;
				IPHONEOS_DEPLOYMENT_TARGET = 10.3;
				LD_RUNPATH_SEARCH_PATHS = "$(inherited) @executable_path/Frameworks @loader_path/Frameworks";
				PRODUCT_BUNDLE_IDENTIFIER = com.JAKT.JACoreDataTests;
				PRODUCT_NAME = "$(TARGET_NAME)";
				SWIFT_VERSION = 3.0;
			};
			name = Release;
		};
		74908AA81EE8AF1A00EAB29D /* Debug */ = {
			isa = XCBuildConfiguration;
			buildSettings = {
				BUNDLE_LOADER = "$(TEST_HOST)";
				CLANG_ANALYZER_NUMBER_OBJECT_CONVERSION = YES_AGGRESSIVE;
				CLANG_WARN_DOCUMENTATION_COMMENTS = YES;
				INFOPLIST_FILE = JACoreDataSampleAppTests/Info.plist;
				IPHONEOS_DEPLOYMENT_TARGET = 10.3;
				LD_RUNPATH_SEARCH_PATHS = "$(inherited) @executable_path/Frameworks @loader_path/Frameworks";
				PRODUCT_BUNDLE_IDENTIFIER = com.JAKT.JACoreDataSampleAppTests;
				PRODUCT_NAME = "$(TARGET_NAME)";
				SWIFT_ACTIVE_COMPILATION_CONDITIONS = DEBUG;
				SWIFT_VERSION = 3.0;
				TEST_HOST = "$(BUILT_PRODUCTS_DIR)/JACoreDataSampleApp.app/JACoreDataSampleApp";
			};
			name = Debug;
		};
		74908AA91EE8AF1A00EAB29D /* Release */ = {
			isa = XCBuildConfiguration;
			buildSettings = {
				BUNDLE_LOADER = "$(TEST_HOST)";
				CLANG_ANALYZER_NUMBER_OBJECT_CONVERSION = YES_AGGRESSIVE;
				CLANG_WARN_DOCUMENTATION_COMMENTS = YES;
				INFOPLIST_FILE = JACoreDataSampleAppTests/Info.plist;
				IPHONEOS_DEPLOYMENT_TARGET = 10.3;
				LD_RUNPATH_SEARCH_PATHS = "$(inherited) @executable_path/Frameworks @loader_path/Frameworks";
				PRODUCT_BUNDLE_IDENTIFIER = com.JAKT.JACoreDataSampleAppTests;
				PRODUCT_NAME = "$(TARGET_NAME)";
				SWIFT_VERSION = 3.0;
				TEST_HOST = "$(BUILT_PRODUCTS_DIR)/JACoreDataSampleApp.app/JACoreDataSampleApp";
			};
			name = Release;
		};
/* End XCBuildConfiguration section */

/* Begin XCConfigurationList section */
		457406BA1D2C113E00E839A3 /* Build configuration list for PBXProject "JACoreData" */ = {
			isa = XCConfigurationList;
			buildConfigurations = (
				457406C61D2C113E00E839A3 /* Debug */,
				457406C71D2C113E00E839A3 /* Release */,
			);
			defaultConfigurationIsVisible = 0;
			defaultConfigurationName = Release;
		};
		457406C81D2C113E00E839A3 /* Build configuration list for PBXNativeTarget "JACoreData" */ = {
			isa = XCConfigurationList;
			buildConfigurations = (
				457406C91D2C113E00E839A3 /* Debug */,
				457406CA1D2C113E00E839A3 /* Release */,
			);
			defaultConfigurationIsVisible = 0;
			defaultConfigurationName = Release;
		};
		746DAF3C1EE7714300AC5476 /* Build configuration list for PBXNativeTarget "JACoreDataSampleApp" */ = {
			isa = XCConfigurationList;
			buildConfigurations = (
				746DAF381EE7714300AC5476 /* Debug */,
				746DAF391EE7714300AC5476 /* Release */,
			);
			defaultConfigurationIsVisible = 0;
			defaultConfigurationName = Release;
		};
		746DAF4A1EE7717700AC5476 /* Build configuration list for PBXNativeTarget "JACoreDataTests" */ = {
			isa = XCConfigurationList;
			buildConfigurations = (
				746DAF4B1EE7717700AC5476 /* Debug */,
				746DAF4C1EE7717700AC5476 /* Release */,
			);
			defaultConfigurationIsVisible = 0;
			defaultConfigurationName = Release;
		};
		74908AA71EE8AF1A00EAB29D /* Build configuration list for PBXNativeTarget "JACoreDataSampleAppTests" */ = {
			isa = XCConfigurationList;
			buildConfigurations = (
				74908AA81EE8AF1A00EAB29D /* Debug */,
				74908AA91EE8AF1A00EAB29D /* Release */,
			);
			defaultConfigurationIsVisible = 0;
			defaultConfigurationName = Release;
		};
/* End XCConfigurationList section */

/* Begin XCVersionGroup section */
		746DAF241EE7714300AC5476 /* JACoreDataSampleApp.xcdatamodeld */ = {
			isa = XCVersionGroup;
			children = (
				746DAF251EE7714300AC5476 /* JACoreDataSampleApp.xcdatamodel */,
			);
			currentVersion = 746DAF251EE7714300AC5476 /* JACoreDataSampleApp.xcdatamodel */;
			path = JACoreDataSampleApp.xcdatamodeld;
			sourceTree = "<group>";
			versionGroupType = wrapper.xcdatamodel;
		};
/* End XCVersionGroup section */
	};
	rootObject = 457406B71D2C113E00E839A3 /* Project object */;
}
